
Microsoft Visual Studio Solution File, Format Version 12.00
# Visual Studio Version 17
VisualStudioVersion = 17.3.32825.248
MinimumVisualStudioVersion = 10.0.40219.1
Project("{FAE04EC0-301F-11D3-BF4B-00C04F79EFBC}") = "Reflection", "Reflection\Reflection.csproj", "{633D5FDC-2D51-4480-BD35-4ABAD889EFD1}"
EndProject
Global
	GlobalSection(SolutionConfigurationPlatforms) = preSolution
		Debug|Any CPU = Debug|Any CPU
		Release|Any CPU = Release|Any CPU
	EndGlobalSection
	GlobalSection(ProjectConfigurationPlatforms) = postSolution
		{633D5FDC-2D51-4480-BD35-4ABAD889EFD1}.Debug|Any CPU.ActiveCfg = Debug|Any CPU
		{633D5FDC-2D51-4480-BD35-4ABAD889EFD1}.Debug|Any CPU.Build.0 = Debug|Any CPU
		{633D5FDC-2D51-4480-BD35-4ABAD889EFD1}.Release|Any CPU.ActiveCfg = Release|Any CPU
		{633D5FDC-2D51-4480-BD35-4ABAD889EFD1}.Release|Any CPU.Build.0 = Release|Any CPU
	EndGlobalSection
	GlobalSection(SolutionProperties) = preSolution
		HideSolutionNode = FALSE
	EndGlobalSection
	GlobalSection(ExtensibilityGlobals) = postSolution
		SolutionGuid = {57DC7D7A-6A1A-4D3F-A28B-33172170BA7C}
	EndGlobalSection
EndGlobal
